
Microsoft Visual Studio Solution File, Format Version 12.00
# Visual Studio Version 17
VisualStudioVersion = 17.7.34018.315
MinimumVisualStudioVersion = 10.0.40219.1
Project("{FAE04EC0-301F-11D3-BF4B-00C04F79EFBC}") = "PerovskiteTest", "PerovskiteTest.csproj", "{4F870400-9954-4952-B95A-63FB3278472D}"
EndProject
Global
	GlobalSection(SolutionConfigurationPlatforms) = preSolution
		Debug|Any CPU = Debug|Any CPU
		Debug|x64 = Debug|x64
		Release|Any CPU = Release|Any CPU
		Release|x64 = Release|x64
	EndGlobalSection
	GlobalSection(ProjectConfigurationPlatforms) = postSolution
		{4F870400-9954-4952-B95A-63FB3278472D}.Debug|Any CPU.ActiveCfg = Debug|Any CPU
		{4F870400-9954-4952-B95A-63FB3278472D}.Debug|Any CPU.Build.0 = Debug|Any CPU
		{4F870400-9954-4952-B95A-63FB3278472D}.Debug|x64.ActiveCfg = Debug|x64
		{4F870400-9954-4952-B95A-63FB3278472D}.Debug|x64.Build.0 = Debug|x64
		{4F870400-9954-4952-B95A-63FB3278472D}.Release|Any CPU.ActiveCfg = Release|Any CPU
		{4F870400-9954-4952-B95A-63FB3278472D}.Release|Any CPU.Build.0 = Release|Any CPU
		{4F870400-9954-4952-B95A-63FB3278472D}.Release|x64.ActiveCfg = Release|x64
		{4F870400-9954-4952-B95A-63FB3278472D}.Release|x64.Build.0 = Release|x64
	EndGlobalSection
	GlobalSection(SolutionProperties) = preSolution
		HideSolutionNode = FALSE
	EndGlobalSection
	GlobalSection(ExtensibilityGlobals) = postSolution
		SolutionGuid = {5BC96054-269B-44C4-ABC9-6FD11A327E80}
	EndGlobalSection
EndGlobal
